
Microsoft Visual Studio Solution File, Format Version 12.00
# Visual Studio Version 17
VisualStudioVersion = 17.11.35222.181
MinimumVisualStudioVersion = 10.0.40219.1
Project("{FAE04EC0-301F-11D3-BF4B-00C04F79EFBC}") = "TPComercio", "TPComercio\TPComercio.csproj", "{BEA2ABA4-FE5D-4533-94AD-09B9F66F8DDF}"
EndProject
Project("{FAE04EC0-301F-11D3-BF4B-00C04F79EFBC}") = "Negocio", "Negocio\Negocio.csproj", "{563695F6-5881-4245-AAC8-8401A8D0EF95}"
EndProject
Project("{FAE04EC0-301F-11D3-BF4B-00C04F79EFBC}") = "Dominio", "Dominio\Dominio.csproj", "{2A7D2D90-94AB-4932-94AE-3226910A078E}"
EndProject
Project("{FAE04EC0-301F-11D3-BF4B-00C04F79EFBC}") = "Acceso-Datos", "Acceso-Datos\Acceso-Datos.csproj", "{0CE50B09-E0B0-44A1-A764-53A2FF17232F}"
EndProject
Global
	GlobalSection(SolutionConfigurationPlatforms) = preSolution
		Debug|Any CPU = Debug|Any CPU
		Release|Any CPU = Release|Any CPU
	EndGlobalSection
	GlobalSection(ProjectConfigurationPlatforms) = postSolution
		{BEA2ABA4-FE5D-4533-94AD-09B9F66F8DDF}.Debug|Any CPU.ActiveCfg = Debug|Any CPU
		{BEA2ABA4-FE5D-4533-94AD-09B9F66F8DDF}.Debug|Any CPU.Build.0 = Debug|Any CPU
		{BEA2ABA4-FE5D-4533-94AD-09B9F66F8DDF}.Release|Any CPU.ActiveCfg = Release|Any CPU
		{BEA2ABA4-FE5D-4533-94AD-09B9F66F8DDF}.Release|Any CPU.Build.0 = Release|Any CPU
		{563695F6-5881-4245-AAC8-8401A8D0EF95}.Debug|Any CPU.ActiveCfg = Debug|Any CPU
		{563695F6-5881-4245-AAC8-8401A8D0EF95}.Debug|Any CPU.Build.0 = Debug|Any CPU
		{563695F6-5881-4245-AAC8-8401A8D0EF95}.Release|Any CPU.ActiveCfg = Release|Any CPU
		{563695F6-5881-4245-AAC8-8401A8D0EF95}.Release|Any CPU.Build.0 = Release|Any CPU
		{2A7D2D90-94AB-4932-94AE-3226910A078E}.Debug|Any CPU.ActiveCfg = Debug|Any CPU
		{2A7D2D90-94AB-4932-94AE-3226910A078E}.Debug|Any CPU.Build.0 = Debug|Any CPU
		{2A7D2D90-94AB-4932-94AE-3226910A078E}.Release|Any CPU.ActiveCfg = Release|Any CPU
		{2A7D2D90-94AB-4932-94AE-3226910A078E}.Release|Any CPU.Build.0 = Release|Any CPU
		{0CE50B09-E0B0-44A1-A764-53A2FF17232F}.Debug|Any CPU.ActiveCfg = Debug|Any CPU
		{0CE50B09-E0B0-44A1-A764-53A2FF17232F}.Debug|Any CPU.Build.0 = Debug|Any CPU
		{0CE50B09-E0B0-44A1-A764-53A2FF17232F}.Release|Any CPU.ActiveCfg = Release|Any CPU
		{0CE50B09-E0B0-44A1-A764-53A2FF17232F}.Release|Any CPU.Build.0 = Release|Any CPU
	EndGlobalSection
	GlobalSection(SolutionProperties) = preSolution
		HideSolutionNode = FALSE
	EndGlobalSection
	GlobalSection(ExtensibilityGlobals) = postSolution
		SolutionGuid = {9B25903E-8057-443C-90F1-2B0F4BF5CA61}
	EndGlobalSection
EndGlobal
